
Microsoft Visual Studio Solution File, Format Version 12.00
# Visual Studio Version 17
VisualStudioVersion = 17.11.35222.181
MinimumVisualStudioVersion = 10.0.40219.1
Project("{FAE04EC0-301F-11D3-BF4B-00C04F79EFBC}") = "map-bench-dot-net", "map-bench-dot-net.csproj", "{9BA3704B-1B1F-4C83-9EEE-68806EF89D7F}"
EndProject
Global
	GlobalSection(SolutionConfigurationPlatforms) = preSolution
		Debug|Any CPU = Debug|Any CPU
		Release|Any CPU = Release|Any CPU
	EndGlobalSection
	GlobalSection(ProjectConfigurationPlatforms) = postSolution
		{9BA3704B-1B1F-4C83-9EEE-68806EF89D7F}.Debug|Any CPU.ActiveCfg = Debug|Any CPU
		{9BA3704B-1B1F-4C83-9EEE-68806EF89D7F}.Debug|Any CPU.Build.0 = Debug|Any CPU
		{9BA3704B-1B1F-4C83-9EEE-68806EF89D7F}.Release|Any CPU.ActiveCfg = Release|Any CPU
		{9BA3704B-1B1F-4C83-9EEE-68806EF89D7F}.Release|Any CPU.Build.0 = Release|Any CPU
	EndGlobalSection
	GlobalSection(SolutionProperties) = preSolution
		HideSolutionNode = FALSE
	EndGlobalSection
	GlobalSection(ExtensibilityGlobals) = postSolution
		SolutionGuid = {AD8B40BE-EE36-4557-A3C8-67BFA5927D51}
	EndGlobalSection
EndGlobal
